# THIS IS AN AUTOGENERATED FILE. DO NOT EDIT THIS FILE DIRECTLY.
# yarn lockfile v1


"@electron-internal/extract-zip@^1.0.1":
  version "1.0.3"
  resolved "https://registry.npmjs.org/@electron-internal/extract-zip/-/extract-zip-1.0.3.tgz"
  integrity sha512-OjKpjB7gohtEjZiq6nDx1egqjZJhGPN1iFOIED+NFhB/MMkXw/XRcHjh1DGXKT5z2W9eW7Jy2UKU3gpjvusFTQ==

"@electron/get@^5.0.0":
  version "5.0.0"
  resolved "https://registry.npmjs.org/@electron/get/-/get-5.0.0.tgz"
  integrity sha512-pjoBpru1KdEtcExBnuHAP1cAc/5faoedw0hzJkL3o4/IJp7HNF1+fbrdxT3gMYRX2oJfvnA/WXeCTVQpYYxyJA==
  dependencies:
    debug "^4.1.1"
    env-paths "^3.0.0"
    graceful-fs "^4.2.11"
    progress "^2.0.3"
    semver "^7.6.3"
    sumchecker "^3.0.1"
  optionalDependencies:
    undici "^7.24.4"

"@electron/remote@^2.1.3":
  version "2.1.3"
  resolved "https://registry.npmjs.org/@electron/remote/-/remote-2.1.3.tgz"
  integrity sha512-XlpxC8S4ttj/v2d+PKp9na/3Ev8bV7YWNL7Cw5b9MAWgTphEml7iYgbc7V0r9D6yDOfOkj06bchZgOZdlWJGNA==

"@types/node@^24.9.0":
  version "24.13.2"
  resolved "https://registry.npmjs.org/@types/node/-/node-24.13.2.tgz"
  integrity sha512-fRa09kZTgu8o71KFcDjUFuc7F+dEbZYZmkI0mg5YBTRs0yMKjYHsq/c0urDKeDb+D5qVgXOdFcuu+DZPKOITwA==
  dependencies:
    undici-types "~7.18.0"

ajv@^5.1.0:
  version "5.5.2"
  resolved "https://registry.npmjs.org/ajv/-/ajv-5.5.2.tgz"
  integrity sha512-Ajr4IcMXq/2QmMkEmSvxqfLN5zGmJ92gHXAeOXq1OekoH2rfDNsgdDoL2f7QaRCy7G/E6TpxBVdRuNraMztGHw==
  dependencies:
    co "^4.6.0"
    fast-deep-equal "^1.0.0"
    fast-json-stable-stringify "^2.0.0"
    json-schema-traverse "^0.3.0"

applescript@^1.0.0:
  version "1.0.0"
  resolved "https://registry.npmjs.org/applescript/-/applescript-1.0.0.tgz"
  integrity sha512-yvtNHdWvtbYEiIazXAdp/NY+BBb65/DAseqlNiJQjOx9DynuzOYDbVLBJvuc0ve0VL9x6B3OHF6eH52y9hCBtQ==

asn1@~0.2.3:
  version "0.2.4"
  resolved "https://registry.npmjs.org/asn1/-/asn1-0.2.4.tgz"
  integrity sha512-jxwzQpLQjSmWXgwaCZE9Nz+glAG01yF1QnWgbhGwHI5A6FRIEY6IVqtHhIepHqI7/kyEyQEagBC5mBEFlIYvdg==
  dependencies:
    safer-buffer "~2.1.0"

assert-plus@^1.0.0, assert-plus@1.0.0:
  version "1.0.0"
  resolved "https://registry.npmjs.org/assert-plus/-/assert-plus-1.0.0.tgz"
  integrity sha512-NfJ4UzBCcQGLDlQq7nHxH+tv3kyZ0hHQqF5BO6J7tNJeP5do1llPr8dZ8zHonfhAu0PHAdMkSo+8o0wxg9lZWw==

asynckit@^0.4.0:
  version "0.4.0"
  resolved "https://registry.npmjs.org/asynckit/-/asynckit-0.4.0.tgz"
  integrity sha512-Oei9OH4tRh0YqU3GxhX79dM/mwVgvbZJaSNaRk+bshkj0S5cfHcgYakreBjrHwatXKbz+IoIdYLxrKim2MjW0Q==

auto-launch@^5.0.1:
  version "5.0.5"
  resolved "https://registry.npmjs.org/auto-launch/-/auto-launch-5.0.5.tgz"
  integrity sha512-ppdF4mihhYzMYLuCcx9H/c5TUOCev8uM7en53zWVQhyYAJrurd2bFZx3qQVeJKF2jrc7rsPRNN5cD+i23l6PdA==
  dependencies:
    applescript "^1.0.0"
    mkdirp "^0.5.1"
    path-is-absolute "^1.0.0"
    untildify "^3.0.2"
    winreg "1.2.4"

aws-sign2@~0.7.0:
  version "0.7.0"
  resolved "https://registry.npmjs.org/aws-sign2/-/aws-sign2-0.7.0.tgz"
  integrity sha512-08kcGqnYf/YmjoRhfxyu+CLxBjUtHLXLXX/vUfx9l2LYzG3c1m61nrpyFUZI6zeS+Li/wWMMidD9KgrqtGq3mA==

aws4@^1.6.0:
  version "1.6.0"
  resolved "https://registry.npmjs.org/aws4/-/aws4-1.6.0.tgz"
  integrity sha512-tkleq4Df8UWu/7xf/tfbo7t2vDa07bcONGnKhl0QXKQsh3fJ0yJ1M5wzpy8BtBSENQw/9VTsthMhLG+yXHfStQ==

bcrypt-pbkdf@^1.0.0:
  version "1.0.2"
  resolved "https://registry.npmjs.org/bcrypt-pbkdf/-/bcrypt-pbkdf-1.0.2.tgz"
  integrity sha512-qeFIXtP4MSoi6NLqO12WfqARWWuCKi2Rn/9hJLEmtB5yTNr9DqFWkJRCf2qShWzPeAMRnOgCrq0sg/KLv5ES9w==
  dependencies:
    tweetnacl "^0.14.3"

boom@4.x.x:
  version "4.3.1"
  resolved "https://registry.npmjs.org/boom/-/boom-4.3.1.tgz"
  integrity sha512-FA8ZqcHBLjyFCPns8EsFTWxARi8iKzLfl3vXS1n1O6mlUpZvjXg9E+0Ys8mh7k/s8mHVpROgeoUmz4HadhPhAQ==
  dependencies:
    hoek "4.x.x"

boom@5.x.x:
  version "5.2.0"
  resolved "https://registry.npmjs.org/boom/-/boom-5.2.0.tgz"
  integrity sha512-Z5BTk6ZRe4tXXQlkqftmsAUANpXmuwlsF5Oov8ThoMbQRzdGTA1ngYRW160GexgOgjsFOKJz0LYhoNi+2AMBUw==
  dependencies:
    hoek "4.x.x"

caseless@~0.12.0:
  version "0.12.0"
  resolved "https://registry.npmjs.org/caseless/-/caseless-0.12.0.tgz"
  integrity sha512-4tYFyifaFfGacoiObjJegolkwSU4xQNGbVgUiNYVUxbQ2x2lUsFvY4hVgVzGiIe6WLOPqycWXA40l+PWsxthUw==

co@^4.6.0:
  version "4.6.0"
  resolved "https://registry.npmjs.org/co/-/co-4.6.0.tgz"
  integrity sha512-QVb0dM5HvG+uaxitm8wONl7jltx8dqhfU33DcqtOZcLSVIKSDDLDi7+0LbAKiyI8hD9u42m2YxXSkMGWThaecQ==

combined-stream@^1.0.5, combined-stream@~1.0.5:
  version "1.0.5"
  resolved "https://registry.npmjs.org/combined-stream/-/combined-stream-1.0.5.tgz"
  integrity sha512-JgSRe4l4UzPwpJuxfcPWEK1SCrL4dxNjp1uqrQLMop3QZUVo+hDU8w9BJKA4JPbulTWI+UzrI2UA3tK12yQ6bg==
  dependencies:
    delayed-stream "~1.0.0"

core-util-is@1.0.2:
  version "1.0.2"
  resolved "https://registry.npmjs.org/core-util-is/-/core-util-is-1.0.2.tgz"
  integrity sha512-3lqz5YjWTYnW6dlDa5TLaTCcShfar1e40rmcJVwCBJC6mWlFuj0eCHIElmG1g5kyuJ/GD+8Wn4FFCcz4gJPfaQ==

cryptiles@3.x.x:
  version "3.1.2"
  resolved "https://registry.npmjs.org/cryptiles/-/cryptiles-3.1.2.tgz"
  integrity sha512-XBDBQo47RxVcR5GNxNOI38Cac044AdfU60sJBGZsmWw5TDuG5BAby8W/soTp4SIKeCl37sCGwkbh9wGLEd0cLw==
  dependencies:
    boom "5.x.x"

dashdash@^1.12.0:
  version "1.14.1"
  resolved "https://registry.npmjs.org/dashdash/-/dashdash-1.14.1.tgz"
  integrity sha512-jRFi8UDGo6j+odZiEpjazZaWqEal3w/basFjQHQEwVtZJGDpxbH1MeYluwCS8Xq5wmLJooDlMgvVarmWfGM44g==
  dependencies:
    assert-plus "^1.0.0"

debug@^4.1.0, debug@^4.1.1:
  version "4.4.3"
  resolved "https://registry.npmjs.org/debug/-/debug-4.4.3.tgz"
  integrity sha512-RGwwWnwQvkVfavKVt22FGLw+xYSdzARwm0ru6DhTVA3umU5hZc28V3kO4stgYryrTlLpuvgI9GiijltAjNbcqA==
  dependencies:
    ms "^2.1.3"

delayed-stream@~1.0.0:
  version "1.0.0"
  resolved "https://registry.npmjs.org/delayed-stream/-/delayed-stream-1.0.0.tgz"
  integrity sha512-ZySD7Nf91aLB0RxL4KGrKHBXl7Eds1DAmEdcoVawXnLD7SDhpNgtuII2aAkg7a7QS41jxPSZ17p4VdGnMHk3MQ==

ecc-jsbn@~0.1.1:
  version "0.1.2"
  resolved "https://registry.npmjs.org/ecc-jsbn/-/ecc-jsbn-0.1.2.tgz"
  integrity sha512-eh9O+hwRHNbG4BLTjEl3nw044CkGm5X6LoaCf7LPp7UU8Qrt47JYNi6nPX8xjW97TKGKm1ouctg0QSpZe9qrnw==
  dependencies:
    jsbn "~0.1.0"
    safer-buffer "^2.1.0"

electron-context-menu@^0.9.1:
  version "0.9.1"
  resolved "https://registry.npmjs.org/electron-context-menu/-/electron-context-menu-0.9.1.tgz"
  integrity sha512-u64VoUQFUhkDUExO17kkZ6RtGLRftfLLAieUt4Yw4gFb9uGVC8CITa1C9zzY77LAYKV5mri1x+NTfCdxDEHyWQ==
  dependencies:
    electron-dl "^1.2.0"
    electron-is-dev "^0.1.1"

electron-dl@^1.2.0:
  version "1.11.0"
  resolved "https://registry.npmjs.org/electron-dl/-/electron-dl-1.11.0.tgz"
  integrity sha512-iL9qHzzWOuL9bus+UT+P72SwrDQcFTV6QHqcbhwgqjCC9/K5jhdRzG0dIMB3TzYlk6rmApanPqh9DvWykwIH1Q==
  dependencies:
    ext-name "^5.0.0"
    pupa "^1.0.0"
    unused-filename "^1.0.0"

electron-is-dev@^0.1.1:
  version "0.1.2"
  resolved "https://registry.npmjs.org/electron-is-dev/-/electron-is-dev-0.1.2.tgz"
  integrity sha512-T5WJFw6Go4UuTlnmy/4gcDW1jJKQRqGeIzff02K0jbKUwAOuQX1Kt9VWLTE4reVDlXgM5Qp6Mu7CegX/0jhnHw==

electron-log@^2.2.7:
  version "2.2.13"
  resolved "https://registry.npmjs.org/electron-log/-/electron-log-2.2.13.tgz"
  integrity sha512-RnRAnGtiflcNRomSBUg560NvK7Lnn40hfgnb6O9pCUjwwTBjZHZkT0Z+tV66xw5UBF+u7D53w9BndpQnLQwp5Q==

"electron@>= 13.0.0":
  version "42.4.1"
  resolved "https://registry.npmjs.org/electron/-/electron-42.4.1.tgz"
  integrity sha512-8CYHJP5O4wFO+ycoJR98yy907MmPeo+vWXrzjxmGGgRNKqv8pOjjm+wphO0CCgQJnBU7+QUPSJS4QXhbKrO50w==
  dependencies:
    "@electron-internal/extract-zip" "^1.0.1"
    "@electron/get" "^5.0.0"
    "@types/node" "^24.9.0"

encoding@^0.1.12:
  version "0.1.12"
  resolved "https://registry.npmjs.org/encoding/-/encoding-0.1.12.tgz"
  integrity sha512-bl1LAgiQc4ZWr++pNYUdRe/alecaHFeHxIJ/pNciqGdKXghaTCOwKkbKp6ye7pKZGu/GcaSXFk8PBVhgs+dJdA==
  dependencies:
    iconv-lite "~0.4.13"

env-paths@^3.0.0:
  version "3.0.0"
  resolved "https://registry.npmjs.org/env-paths/-/env-paths-3.0.0.tgz"
  integrity sha512-dtJUTepzMW3Lm/NPxRf3wP4642UWhjL2sQxc+ym2YMj1m/H2zDNQOlezafzkHwn6sMstjHTwG6iQQsctDW/b1A==

ext-list@^2.0.0:
  version "2.2.2"
  resolved "https://registry.npmjs.org/ext-list/-/ext-list-2.2.2.tgz"
  integrity sha512-u+SQgsubraE6zItfVA0tBuCBhfU9ogSRnsvygI7wht9TS510oLkBRXBsqopeUG/GBOIQyKZO9wjTqIu/sf5zFA==
  dependencies:
    mime-db "^1.28.0"

ext-name@^5.0.0:
  version "5.0.0"
  resolved "https://registry.npmjs.org/ext-name/-/ext-name-5.0.0.tgz"
  integrity sha512-yblEwXAbGv1VQDmow7s38W77hzAgJAO50ztBLMcUyUBfxv1HC+LGwtiEN+Co6LtlqT/5uwVOxsD4TNIilWhwdQ==
  dependencies:
    ext-list "^2.0.0"
    sort-keys-length "^1.0.0"

extend@~3.0.1:
  version "3.0.2"
  resolved "https://registry.npmjs.org/extend/-/extend-3.0.2.tgz"
  integrity sha512-fjquC59cD7CyW6urNXK0FBufkZcoiGG80wTuPujX590cB5Ttln20E2UB4S/WARVqhXffZl2LNgS+gQdPIIim/g==

extsprintf@^1.2.0, extsprintf@1.3.0:
  version "1.3.0"
  resolved "https://registry.npmjs.org/extsprintf/-/extsprintf-1.3.0.tgz"
  integrity sha512-11Ndz7Nv+mvAC1j0ktTa7fAb0vLyGGX+rMHNBYQviQDGU0Hw7lhctJANqbPhu9nV9/izT/IntTgZ7Im/9LJs9g==

fast-deep-equal@^1.0.0:
  version "1.0.0"
  resolved "https://registry.npmjs.org/fast-deep-equal/-/fast-deep-equal-1.0.0.tgz"
  integrity sha512-46+Jxk9Yj/nQY+3a1KTnpbBTemcAbPySTKya8iM9D7EsiONpSWbvzesalcCJ6tmJrCUITT2fmAQfNHFG+OHM6Q==

fast-json-stable-stringify@^2.0.0:
  version "2.0.0"
  resolved "https://registry.npmjs.org/fast-json-stable-stringify/-/fast-json-stable-stringify-2.0.0.tgz"
  integrity sha512-eIgZvM9C3P05kg0qxfqaVU6Tma4QedCPIByQOcemV0vju8ot3cS2DpHi4m2G2JvbSMI152rjfLX0p1pkSdyPlQ==

forever-agent@~0.6.1:
  version "0.6.1"
  resolved "https://registry.npmjs.org/forever-agent/-/forever-agent-0.6.1.tgz"
  integrity sha512-j0KLYPhm6zeac4lz3oJ3o65qvgQCcPubiyotZrXqEaG4hNagNYO8qdlUrX5vwqv9ohqeT/Z3j6+yW067yWWdUw==

form-data@~2.3.1:
  version "2.3.1"
  resolved "https://registry.npmjs.org/form-data/-/form-data-2.3.1.tgz"
  integrity sha512-ZznzvgkNMfVvSHP0rlg09OeW/g7ib4+NpwNGxLFJOrwUcjN0O8OUASn5cvnpnWve9ZlzW6GUa6NhhlCdb6DqCw==
  dependencies:
    asynckit "^0.4.0"
    combined-stream "^1.0.5"
    mime-types "^2.1.12"

getpass@^0.1.1:
  version "0.1.7"
  resolved "https://registry.npmjs.org/getpass/-/getpass-0.1.7.tgz"
  integrity sha512-0fzj9JxOLfJ+XGLhR8ze3unN0KZCgZwiSSDz168VERjK8Wl8kVSdcu2kspd4s4wtAa1y/qrVRiAA0WclVsu0ng==
  dependencies:
    assert-plus "^1.0.0"

gettext-parser@^1.2.2:
  version "1.3.0"
  resolved "https://registry.npmjs.org/gettext-parser/-/gettext-parser-1.3.0.tgz"
  integrity sha512-iloxjcw+uTPnQ8DrGICWtqkHNgk3mAiDI77pLmXQCnhM+BxFQXstzTA4zj3EpIYMysRQnnNzHyHzBUEazz80Sw==
  dependencies:
    encoding "^0.1.12"
    safe-buffer "^5.1.1"

graceful-fs@^4.2.11:
  version "4.2.11"
  resolved "https://registry.npmjs.org/graceful-fs/-/graceful-fs-4.2.11.tgz"
  integrity sha512-RbJ5/jmFcNNCcDV5o9eTnBLJ/HszWV0P73bc+Ff4nS/rJj+YaS6IGyiOL0VoBYX+l1Wrl3k63h/KrH+nhJ0XvQ==

growly@^1.3.0:
  version "1.3.0"
  resolved "https://registry.npmjs.org/growly/-/growly-1.3.0.tgz"
  integrity sha512-+xGQY0YyAWCnqy7Cd++hc2JqMYzlm0dG30Jd0beaA64sROr8C4nt8Yc9V5Ro3avlSUDTN0ulqP/VBKi1/lLygw==

har-schema@^2.0.0:
  version "2.0.0"
  resolved "https://registry.npmjs.org/har-schema/-/har-schema-2.0.0.tgz"
  integrity sha512-Oqluz6zhGX8cyRaTQlFMPw80bSJVG2x/cFb8ZPhUILGgHka9SsokCCOQgpveePerqidZOrT14ipqfJb7ILcW5Q==

har-validator@~5.0.3:
  version "5.0.3"
  resolved "https://registry.npmjs.org/har-validator/-/har-validator-5.0.3.tgz"
  integrity sha512-r7LZkP7Z6WMxj5zARzB9dSpIKu/sp0NfHIgtj6kmQXhEArNctjB5FEv/L2XfLdWqIocPT2QVt0LFOlEUioTBtQ==
  dependencies:
    ajv "^5.1.0"
    har-schema "^2.0.0"

hawk@~6.0.2:
  version "6.0.2"
  resolved "https://registry.npmjs.org/hawk/-/hawk-6.0.2.tgz"
  integrity sha512-miowhl2+U7Qle4vdLqDdPt9m09K6yZhkLDTWGoUiUzrQCn+mHHSmfJgAyGaLRZbPmTqfFFjRV1QWCW0VWUJBbQ==
  dependencies:
    boom "4.x.x"
    cryptiles "3.x.x"
    hoek "4.x.x"
    sntp "2.x.x"

hoek@4.x.x:
  version "4.2.1"
  resolved "https://registry.npmjs.org/hoek/-/hoek-4.2.1.tgz"
  integrity sha512-QLg82fGkfnJ/4iy1xZ81/9SIJiq1NGFUMGs6ParyjBZr6jW2Ufj/snDqTHixNlHdPNwN2RLVD0Pi3igeK9+JfA==

http-signature@~1.2.0:
  version "1.2.0"
  resolved "https://registry.npmjs.org/http-signature/-/http-signature-1.2.0.tgz"
  integrity sha512-CAbnr6Rz4CYQkLYUtSNXxQPUH2gK8f3iWexVlsnMeD+GjlsQ0Xsy1cOX+mN3dtxYomRy21CiOzU8Uhw6OwncEQ==
  dependencies:
    assert-plus "^1.0.0"
    jsprim "^1.2.2"
    sshpk "^1.7.0"

iconv-lite@~0.4.13:
  version "0.4.19"
  resolved "https://registry.npmjs.org/iconv-lite/-/iconv-lite-0.4.19.tgz"
  integrity sha512-oTZqweIP51xaGPI4uPa56/Pri/480R+mo7SeU+YETByQNhDG55ycFyNLIgta9vXhILrxXDmF7ZGhqZIcuN0gJQ==

is-docker@^2.0.0:
  version "2.1.1"
  resolved "https://registry.npmjs.org/is-docker/-/is-docker-2.1.1.tgz"
  integrity sha512-ZOoqiXfEwtGknTiuDEy8pN2CfE3TxMHprvNer1mXiqwkOT77Rw3YVrUQ52EqAOU3QAWDQ+bQdx7HJzrv7LS2Hw==

is-plain-obj@^1.0.0:
  version "1.1.0"
  resolved "https://registry.npmjs.org/is-plain-obj/-/is-plain-obj-1.1.0.tgz"
  integrity sha512-yvkRyxmFKEOQ4pNXCmJG5AEQNlXJS5LaONXo5/cLdTZdWvsZ1ioJEonLGAosKlMWE8lwUy/bJzMjcw8az73+Fg==

is-typedarray@~1.0.0:
  version "1.0.0"
  resolved "https://registry.npmjs.org/is-typedarray/-/is-typedarray-1.0.0.tgz"
  integrity sha512-cyA56iCMHAh5CdzjJIa4aohJyeO1YbwLi3Jc35MmRU6poroFjIGZzUzupGiRPOjgHg9TLu43xbpwXk523fMxKA==

is-wsl@^2.2.0:
  version "2.2.0"
  resolved "https://registry.npmjs.org/is-wsl/-/is-wsl-2.2.0.tgz"
  integrity sha512-fKzAra0rGJUUBwGBgNkHZuToZcn+TtXHpeCgmkMJMMYx1sQDYaCSyjJBSCa2nH1DGm7s3n1oBnohoVTBaN7Lww==
  dependencies:
    is-docker "^2.0.0"

isexe@^2.0.0:
  version "2.0.0"
  resolved "https://registry.npmjs.org/isexe/-/isexe-2.0.0.tgz"
  integrity sha512-RHxMLp9lnKHGHRng9QFhRCMbYAcVpn69smSGcq3f36xjgVVWThj4qqLbTLlq7Ssj8B+fIQ1EuCEGI2lKsyQeIw==

isstream@~0.1.2:
  version "0.1.2"
  resolved "https://registry.npmjs.org/isstream/-/isstream-0.1.2.tgz"
  integrity sha512-Yljz7ffyPbrLpLngrMtZ7NduUgVvi6wG9RJ9IUcyCd59YQ911PBJphODUcbOVbqYfxe1wuYf/LJ8PauMRwsM/g==

jsbn@~0.1.0:
  version "0.1.1"
  resolved "https://registry.npmjs.org/jsbn/-/jsbn-0.1.1.tgz"
  integrity sha512-UVU9dibq2JcFWxQPA6KCqj5O42VOmAY3zQUfEKxU0KpTGXwNoCjkX1e13eHNvw/xPynt6pU0rZ1htjWTNTSXsg==

json-schema-traverse@^0.3.0:
  version "0.3.1"
  resolved "https://registry.npmjs.org/json-schema-traverse/-/json-schema-traverse-0.3.1.tgz"
  integrity sha512-4JD/Ivzg7PoW8NzdrBSr3UFwC9mHgvI7Z6z3QGBsSHgKaRTUDmyZAAKJo2UbG1kUVfS9WS8bi36N49U1xw43DA==

json-schema@0.2.3:
  version "0.2.3"
  resolved "https://registry.npmjs.org/json-schema/-/json-schema-0.2.3.tgz"
  integrity sha512-a3xHnILGMtk+hDOqNwHzF6e2fNbiMrXZvxKQiEv2MlgQP+pjIOzqAmKYD2mDpXYE/44M7g+n9p2bKkYWDUcXCQ==

json-stringify-safe@~5.0.1:
  version "5.0.1"
  resolved "https://registry.npmjs.org/json-stringify-safe/-/json-stringify-safe-5.0.1.tgz"
  integrity sha512-ZClg6AaYvamvYEE82d3Iyd3vSSIjQ+odgjaTzRuO3s7toCdFKczob2i0zCh7JE8kWn17yvAWhUVxvqGwUalsRA==

jsprim@^1.2.2:
  version "1.4.1"
  resolved "https://registry.npmjs.org/jsprim/-/jsprim-1.4.1.tgz"
  integrity sha512-4Dj8Rf+fQ+/Pn7C5qeEX02op1WfOss3PKTE9Nsop3Dx+6UPxlm1dr/og7o2cRa5hNN07CACr4NFzRLtj/rjWog==
  dependencies:
    assert-plus "1.0.0"
    extsprintf "1.3.0"
    json-schema "0.2.3"
    verror "1.10.0"

lodash.get@^4.4.2:
  version "4.4.2"
  resolved "https://registry.npmjs.org/lodash.get/-/lodash.get-4.4.2.tgz"
  integrity sha512-z+Uw/vLuy6gQe8cfaFWD7p0wVv8fJl3mbzXh33RS+0oW2wvUqiRXiQ69gLWSLpgB5/6sU+r6BlQR0MBILadqTQ==

mime-db@^1.28.0:
  version "1.33.0"
  resolved "https://registry.npmjs.org/mime-db/-/mime-db-1.33.0.tgz"
  integrity sha512-BHJ/EKruNIqJf/QahvxwQZXKygOQ256myeN/Ew+THcAa5q+PjyTTMMeNQC4DZw5AwfvelsUrA6B67NKMqXDbzQ==

mime-db@~1.30.0:
  version "1.30.0"
  resolved "https://registry.npmjs.org/mime-db/-/mime-db-1.30.0.tgz"
  integrity sha512-SUaL89ROHF5P6cwrhLxE1Xmk60cFcctcJl3zwMeQWcoQzt0Al/X8qxUz2gi19NECqYspzbYpAJryIRnLcjp20g==

mime-types@^2.1.12, mime-types@~2.1.17:
  version "2.1.17"
  resolved "https://registry.npmjs.org/mime-types/-/mime-types-2.1.17.tgz"
  integrity sha512-rOFZoFAbaupSpzARUe5CU1P9mwfX+lIFAuj0soNsEZEnrHu6LZNyV7/FClEB/oF9A1o5KStlumRjW6D4Q2FRCA==
  dependencies:
    mime-db "~1.30.0"

minimist@0.0.8:
  version "0.0.8"
  resolved "https://registry.npmjs.org/minimist/-/minimist-0.0.8.tgz"
  integrity sha512-miQKw5Hv4NS1Psg2517mV4e4dYNaO3++hjAvLOAzKqZ61rH8NS1SK+vbfBWZ5PY/Me/bEWhUwqMghEW5Fb9T7Q==

mkdirp@^0.5.1:
  version "0.5.1"
  resolved "https://registry.npmjs.org/mkdirp/-/mkdirp-0.5.1.tgz"
  integrity sha512-SknJC52obPfGQPnjIkXbmA6+5H15E+fR+E4iR2oQ3zzCLbd7/ONua69R/Gw7AgkTLsRG+r5fzksYwWe1AgTyWA==
  dependencies:
    minimist "0.0.8"

modify-filename@^1.1.0:
  version "1.1.0"
  resolved "https://registry.npmjs.org/modify-filename/-/modify-filename-1.1.0.tgz"
  integrity sha512-EickqnKq3kVVaZisYuCxhtKbZjInCuwgwZWyAmRIp1NTMhri7r3380/uqwrUHfaDiPzLVTuoNy4whX66bxPVog==

ms@^2.1.3:
  version "2.1.3"
  resolved "https://registry.npmjs.org/ms/-/ms-2.1.3.tgz"
  integrity sha512-6FlzubTLZG3J2a/NVCAleEhjzq5oxgHyaCU9yYXvcLsvoVaHJq/s5xXI6/XXP6tz7R9xAOtHnSO/tXtF3WRTlA==

node-gettext@^2.0.0:
  version "2.0.0"
  resolved "https://registry.npmjs.org/node-gettext/-/node-gettext-2.0.0.tgz"
  integrity sha512-cNXGSmo9W0yDxrpIoGd5GxlIsyyGefw1R1fgHfYSlAkRJg9/baOrIupmRmcklCcKLEep4IDlP5D1jibv5rjAPg==
  dependencies:
    lodash.get "^4.4.2"

node-notifier@^8.0.1:
  version "8.0.1"
  resolved "https://registry.npmjs.org/node-notifier/-/node-notifier-8.0.1.tgz"
  integrity sha512-BvEXF+UmsnAfYfoapKM9nGxnP+Wn7P91YfXmrKnfcYCx6VBeoN5Ez5Ogck6I8Bi5k4RlpqRYaw75pAwzX9OphA==
  dependencies:
    growly "^1.3.0"
    is-wsl "^2.2.0"
    semver "^7.3.2"
    shellwords "^0.1.1"
    uuid "^8.3.0"
    which "^2.0.2"

oauth-sign@~0.8.2:
  version "0.8.2"
  resolved "https://registry.npmjs.org/oauth-sign/-/oauth-sign-0.8.2.tgz"
  integrity sha512-VlF07iu3VV3+BTXj43Nmp6Irt/G7j/NgEctUS6IweH1RGhURjjCc2NWtzXFPXXWWfc7hgbXQdtiQu2LGp6MxUg==

path-exists@^3.0.0:
  version "3.0.0"
  resolved "https://registry.npmjs.org/path-exists/-/path-exists-3.0.0.tgz"
  integrity sha512-bpC7GYwiDYQ4wYLe+FA8lhRjhQCMcQGuSgGGqDkg/QerRWw9CmGRT0iSOVRSZJ29NMLZgIzqaljJ63oaL4NIJQ==

path-is-absolute@^1.0.0:
  version "1.0.1"
  resolved "https://registry.npmjs.org/path-is-absolute/-/path-is-absolute-1.0.1.tgz"
  integrity sha512-AVbw3UJ2e9bq64vSaS9Am0fje1Pa8pbGqTTsmXfaIiMpnr5DlDhfJOuLj9Sf95ZPVDAUerDfEk88MPmPe7UCQg==

performance-now@^2.1.0:
  version "2.1.0"
  resolved "https://registry.npmjs.org/performance-now/-/performance-now-2.1.0.tgz"
  integrity sha512-7EAHlyLHI56VEIdK57uwHdHKIaAGbnXPiw0yWbarQZOKaKpvUIgW0jWRVLiatnM+XXlSwsanIBH/hzGMJulMow==

progress@^2.0.3:
  version "2.0.3"
  resolved "https://registry.npmjs.org/progress/-/progress-2.0.3.tgz"
  integrity sha512-7PiHtLll5LdnKIMw100I+8xJXR5gW2QwWYkT6iJva0bXitZKa/XMrSbdmg3r2Xnaidz9Qumd0VPaMrZlF9V9sA==

punycode@^1.4.1:
  version "1.4.1"
  resolved "https://registry.npmjs.org/punycode/-/punycode-1.4.1.tgz"
  integrity sha512-jmYNElW7yvO7TV33CjSmvSiE2yco3bV2czu/OzDKdMNVZQWfxCblURLhf+47syQRBntjfLdd/H0egrzIG+oaFQ==

pupa@^1.0.0:
  version "1.0.0"
  resolved "https://registry.npmjs.org/pupa/-/pupa-1.0.0.tgz"
  integrity sha512-WTQm0CKSL1kn+DQCuu970eBPGmhIcfDyDBa9cbgR/grZ2jLrQmLDHoqqAPWLTRlOHFUrBBmL7FQJBZALA+llQg==

qs@~6.5.1:
  version "6.5.3"
  resolved "https://registry.npmjs.org/qs/-/qs-6.5.3.tgz"
  integrity sha512-qxXIEh4pCGfHICj1mAJQ2/2XVZkjCDTcEgfoSQxc/fYivUZxTkk7L3bDBJSoNrEzXI17oUO5Dp07ktqE5KzczA==

request@^2.83.0:
  version "2.83.0"
  resolved "https://registry.npmjs.org/request/-/request-2.83.0.tgz"
  integrity sha512-lR3gD69osqm6EYLk9wB/G1W/laGWjzH90t1vEa2xuxHD5KUrSzp9pUSfTm+YC5Nxt2T8nMPEvKlhbQayU7bgFw==
  dependencies:
    aws-sign2 "~0.7.0"
    aws4 "^1.6.0"
    caseless "~0.12.0"
    combined-stream "~1.0.5"
    extend "~3.0.1"
    forever-agent "~0.6.1"
    form-data "~2.3.1"
    har-validator "~5.0.3"
    hawk "~6.0.2"
    http-signature "~1.2.0"
    is-typedarray "~1.0.0"
    isstream "~0.1.2"
    json-stringify-safe "~5.0.1"
    mime-types "~2.1.17"
    oauth-sign "~0.8.2"
    performance-now "^2.1.0"
    qs "~6.5.1"
    safe-buffer "^5.1.1"
    stringstream "~0.0.5"
    tough-cookie "~2.3.3"
    tunnel-agent "^0.6.0"
    uuid "^3.1.0"

safe-buffer@^5.0.1, safe-buffer@^5.1.1:
  version "5.1.1"
  resolved "https://registry.npmjs.org/safe-buffer/-/safe-buffer-5.1.1.tgz"
  integrity sha512-kKvNJn6Mm93gAczWVJg7wH+wGYWNrDHdWvpUmHyEsgCtIwwo3bqPtV4tR5tuPaUhTOo/kvhVwd8XwwOllGYkbg==

safer-buffer@^2.0.2, safer-buffer@^2.1.0, safer-buffer@~2.1.0:
  version "2.1.2"
  resolved "https://registry.npmjs.org/safer-buffer/-/safer-buffer-2.1.2.tgz"
  integrity sha512-YZo3K82SD7Riyi0E1EQPojLz7kpepnSQI9IyPbHHg1XXXevb5dJI7tpyN2ADxGcQbHG7vcyRHk0cbwqcQriUtg==

semver@^7.3.2, semver@^7.6.3:
  version "7.8.4"
  resolved "https://registry.npmjs.org/semver/-/semver-7.8.4.tgz"
  integrity sha512-rUCObTnP32Q08R2uuIrt7r9PlEonuTmtuXYcW6s5kjdlj3xbnwe+21yXptAUYcMAABLkYYTtnmzb3w3EDZfueA==

shellwords@^0.1.1:
  version "0.1.1"
  resolved "https://registry.npmjs.org/shellwords/-/shellwords-0.1.1.tgz"
  integrity sha512-vFwSUfQvqybiICwZY5+DAWIPLKsWO31Q91JSKl3UYv+K5c2QRPzn0qzec6QPu1Qc9eHYItiP3NdJqNVqetYAww==

sntp@2.x.x:
  version "2.1.0"
  resolved "https://registry.npmjs.org/sntp/-/sntp-2.1.0.tgz"
  integrity sha512-FL1b58BDrqS3A11lJ0zEdnJ3UOKqVxawAkF3k7F0CVN7VQ34aZrV+G8BZ1WC9ZL7NyrwsW0oviwsWDgRuVYtJg==
  dependencies:
    hoek "4.x.x"

sort-keys-length@^1.0.0:
  version "1.0.1"
  resolved "https://registry.npmjs.org/sort-keys-length/-/sort-keys-length-1.0.1.tgz"
  integrity sha512-GRbEOUqCxemTAk/b32F2xa8wDTs+Z1QHOkbhJDQTvv/6G3ZkbJ+frYWsTcc7cBB3Fu4wy4XlLCuNtJuMn7Gsvw==
  dependencies:
    sort-keys "^1.0.0"

sort-keys@^1.0.0:
  version "1.1.2"
  resolved "https://registry.npmjs.org/sort-keys/-/sort-keys-1.1.2.tgz"
  integrity sha512-vzn8aSqKgytVik0iwdBEi+zevbTYZogewTUM6dtpmGwEcdzbub/TX4bCzRhebDCRC3QzXgJsLRKB2V/Oof7HXg==
  dependencies:
    is-plain-obj "^1.0.0"

sshpk@^1.7.0:
  version "1.16.1"
  resolved "https://registry.npmjs.org/sshpk/-/sshpk-1.16.1.tgz"
  integrity sha512-HXXqVUq7+pcKeLqqZj6mHFUMvXtOJt1uoUx09pFW6011inTMxqI8BA8PM95myrIyyKwdnzjdFjLiE6KBPVtJIg==
  dependencies:
    asn1 "~0.2.3"
    assert-plus "^1.0.0"
    bcrypt-pbkdf "^1.0.0"
    dashdash "^1.12.0"
    ecc-jsbn "~0.1.1"
    getpass "^0.1.1"
    jsbn "~0.1.0"
    safer-buffer "^2.0.2"
    tweetnacl "~0.14.0"

stringstream@~0.0.5:
  version "0.0.6"
  resolved "https://registry.npmjs.org/stringstream/-/stringstream-0.0.6.tgz"
  integrity sha512-87GEBAkegbBcweToUrdzf3eLhWNg06FJTebl4BVJz/JgWy8CvEr9dRtX5qWphiynMSQlxxi+QqN0z5T32SLlhA==

sumchecker@^3.0.1:
  version "3.0.1"
  resolved "https://registry.npmjs.org/sumchecker/-/sumchecker-3.0.1.tgz"
  integrity sha512-MvjXzkz/BOfyVDkG0oFOtBxHX2u3gKbMHIF/dXblZsgD3BWOFLmHovIpZY7BykJdAjcqRCBi1WYBNdEC9yI7vg==
  dependencies:
    debug "^4.1.0"

tough-cookie@~2.3.3:
  version "2.3.3"
  resolved "https://registry.npmjs.org/tough-cookie/-/tough-cookie-2.3.3.tgz"
  integrity sha512-WR9pjSY3qO0z3yC6g33CRcVt2Wbevh0gP1XiSFql0/xRioi9qbDs3C+g4Nv2N8jmv/BloIi/SYoy/mfw5vus2A==
  dependencies:
    punycode "^1.4.1"

tunnel-agent@^0.6.0:
  version "0.6.0"
  resolved "https://registry.npmjs.org/tunnel-agent/-/tunnel-agent-0.6.0.tgz"
  integrity sha512-McnNiV1l8RYeY8tBgEpuodCC1mLUdbSN+CYBL7kJsJNInOP8UjDDEwdk6Mw60vdLLrr5NHKZhMAOSrR2NZuQ+w==
  dependencies:
    safe-buffer "^5.0.1"

tweetnacl@^0.14.3, tweetnacl@~0.14.0:
  version "0.14.5"
  resolved "https://registry.npmjs.org/tweetnacl/-/tweetnacl-0.14.5.tgz"
  integrity sha512-KXXFFdAbFXY4geFIwoyNK+f5Z1b7swfXABfL7HXCmoIWMKU3dmS26672A4EeQtDzLKy7SXmfBu51JolvEKwtGA==

undici-types@~7.18.0:
  version "7.18.2"
  resolved "https://registry.npmjs.org/undici-types/-/undici-types-7.18.2.tgz"
  integrity sha512-AsuCzffGHJybSaRrmr5eHr81mwJU3kjw6M+uprWvCXiNeN9SOGwQ3Jn8jb8m3Z6izVgknn1R0FTCEAP2QrLY/w==

undici@^7.24.4:
  version "7.28.0"
  resolved "https://registry.npmjs.org/undici/-/undici-7.28.0.tgz"
  integrity sha512-cRZYrTDwWznlnRiPjggAGxZXanty6M8RV1ff8Wm4LWXBp7/IG8v5DnOm74DtUBp9OONpK75YlPnIjQqX0dBDtA==

untildify@^3.0.2:
  version "3.0.2"
  resolved "https://registry.npmjs.org/untildify/-/untildify-3.0.2.tgz"
  integrity sha512-/KfXzfGXBdkpGl6CMQz8jqi2R2+fPn8kmcGSIH6DmnOByKt37k/xuF91R5yTO/dV/NQVwIoZW96lzTkteXZV4A==

unused-filename@^1.0.0:
  version "1.0.0"
  resolved "https://registry.npmjs.org/unused-filename/-/unused-filename-1.0.0.tgz"
  integrity sha512-CzxEtvTNfsydlKb30IeExGVcRAQv9CLgzoYmnQskceQTV/EZY4jTOrtUcUBlWnAfZdi1UmX1JO0hMKQTDcwCVw==
  dependencies:
    modify-filename "^1.1.0"
    path-exists "^3.0.0"

uuid@^3.1.0:
  version "3.1.0"
  resolved "https://registry.npmjs.org/uuid/-/uuid-3.1.0.tgz"
  integrity sha512-DIWtzUkw04M4k3bf1IcpS2tngXEL26YUD2M0tMDUpnUrz2hgzUBlD55a4FjdLGPvfHxS6uluGWvaVEqgBcVa+g==

uuid@^8.3.0:
  version "8.3.2"
  resolved "https://registry.npmjs.org/uuid/-/uuid-8.3.2.tgz"
  integrity sha512-+NYs2QeMWy+GWFOEm9xnn6HCDp0l7QBD7ml8zLUmJ+93Q5NF0NocErnwkTkXVFNiX3/fpC6afS8Dhb/gz7R7eg==

verror@1.10.0:
  version "1.10.0"
  resolved "https://registry.npmjs.org/verror/-/verror-1.10.0.tgz"
  integrity sha512-ZZKSmDAEFOijERBLkmYfJ+vmk3w+7hOLYDNkRCuRuMJGEmqYNCNLyBBFwWKVMhfwaEF3WOd0Zlw86U/WC/+nYw==
  dependencies:
    assert-plus "^1.0.0"
    core-util-is "1.0.2"
    extsprintf "^1.2.0"

which@^2.0.2:
  version "2.0.2"
  resolved "https://registry.npmjs.org/which/-/which-2.0.2.tgz"
  integrity sha512-BLI3Tl1TW3Pvl70l3yq3Y64i+awpwXqsGBYWkkqMtnbXgrMD+yj7rhW0kuEDxzJaYXGjEW5ogapKNMEKNMjibA==
  dependencies:
    isexe "^2.0.0"

winreg@1.2.4:
  version "1.2.4"
  resolved "https://registry.npmjs.org/winreg/-/winreg-1.2.4.tgz"
  integrity sha512-IHpzORub7kYlb8A43Iig3reOvlcBJGX9gZ0WycHhghHtA65X0LYnMRuJs+aH1abVnMJztQkvQNlltnbPi5aGIA==
